
Microsoft Visual Studio Solution File, Format Version 12.00
# Visual Studio Version 16
VisualStudioVersion = 16.0.30804.86
MinimumVisualStudioVersion = 10.0.40219.1
Project("{FAE04EC0-301F-11D3-BF4B-00C04F79EFBC}") = "projeödev", "projeödev\projeödev.csproj", "{48B8ADA1-FAD0-4FE5-93DC-300BFDE02FEC}"
EndProject
Global
	GlobalSection(SolutionConfigurationPlatforms) = preSolution
		Debug|Any CPU = Debug|Any CPU
		Release|Any CPU = Release|Any CPU
	EndGlobalSection
	GlobalSection(ProjectConfigurationPlatforms) = postSolution
		{48B8ADA1-FAD0-4FE5-93DC-300BFDE02FEC}.Debug|Any CPU.ActiveCfg = Debug|Any CPU
		{48B8ADA1-FAD0-4FE5-93DC-300BFDE02FEC}.Debug|Any CPU.Build.0 = Debug|Any CPU
		{48B8ADA1-FAD0-4FE5-93DC-300BFDE02FEC}.Release|Any CPU.ActiveCfg = Release|Any CPU
		{48B8ADA1-FAD0-4FE5-93DC-300BFDE02FEC}.Release|Any CPU.Build.0 = Release|Any CPU
	EndGlobalSection
	GlobalSection(SolutionProperties) = preSolution
		HideSolutionNode = FALSE
	EndGlobalSection
	GlobalSection(ExtensibilityGlobals) = postSolution
		SolutionGuid = {C61E913F-FC8B-4C62-AFD9-C8D5DA42F53D}
	EndGlobalSection
EndGlobal
